// !$*UTF8*$!
{
	archiveVersion = 1;
	classes = {
	};
	objectVersion = 50;
	objects = {

/* Begin PBXBuildFile section */
		068240F1246D2CB70013CC6B /* AppDelegate.swift in Sources */ = {isa = PBXBuildFile; fileRef = 068240F0246D2CB70013CC6B /* AppDelegate.swift */; };
		068240F3246D2CB70013CC6B /* SceneDelegate.swift in Sources */ = {isa = PBXBuildFile; fileRef = 068240F2246D2CB70013CC6B /* SceneDelegate.swift */; };
		068240F5246D2CB70013CC6B /* HomeViewController.swift in Sources */ = {isa = PBXBuildFile; fileRef = 068240F4246D2CB70013CC6B /* HomeViewController.swift */; };
		068240F8246D2CB70013CC6B /* Main.storyboard in Resources */ = {isa = PBXBuildFile; fileRef = 068240F6246D2CB70013CC6B /* Main.storyboard */; };
		068240FA246D2CB90013CC6B /* Assets.xcassets in Resources */ = {isa = PBXBuildFile; fileRef = 068240F9246D2CB90013CC6B /* Assets.xcassets */; };
		068240FD246D2CB90013CC6B /* LaunchScreen.storyboard in Resources */ = {isa = PBXBuildFile; fileRef = 068240FB246D2CB90013CC6B /* LaunchScreen.storyboard */; };
		06824107246D2FE70013CC6B /* Extensions+UIColor.swift in Sources */ = {isa = PBXBuildFile; fileRef = 06824106246D2FE70013CC6B /* Extensions+UIColor.swift */; };
		06824109246D33CE0013CC6B /* Extension+UIImage.swift in Sources */ = {isa = PBXBuildFile; fileRef = 06824108246D33CE0013CC6B /* Extension+UIImage.swift */; };
		0682410D246D3D1A0013CC6B /* CircularProgressView.swift in Sources */ = {isa = PBXBuildFile; fileRef = 0682410C246D3D1A0013CC6B /* CircularProgressView.swift */; };
		0682410F246D40A20013CC6B /* Extensions+UIFont.swift in Sources */ = {isa = PBXBuildFile; fileRef = 0682410E246D40A20013CC6B /* Extensions+UIFont.swift */; };
		06824137246E803C0013CC6B /* HomeView.swift in Sources */ = {isa = PBXBuildFile; fileRef = 06824136246E803C0013CC6B /* HomeView.swift */; };
		06824139246E812F0013CC6B /* Extension+UIView.swift in Sources */ = {isa = PBXBuildFile; fileRef = 06824138246E812F0013CC6B /* Extension+UIView.swift */; };
		0682413B246E88270013CC6B /* HomeView+Constraints.swift in Sources */ = {isa = PBXBuildFile; fileRef = 0682413A246E88270013CC6B /* HomeView+Constraints.swift */; };
		0682413D246FBEB60013CC6B /* NewTaskView.swift in Sources */ = {isa = PBXBuildFile; fileRef = 0682413C246FBEB60013CC6B /* NewTaskView.swift */; };
		0682413F2470884B0013CC6B /* ProjectCell.swift in Sources */ = {isa = PBXBuildFile; fileRef = 0682413E2470884B0013CC6B /* ProjectCell.swift */; };
		069336572471E5EF00B3DC06 /* Extension+CALayer.swift in Sources */ = {isa = PBXBuildFile; fileRef = 069336562471E5EF00B3DC06 /* Extension+CALayer.swift */; };
		069336592471EA4100B3DC06 /* TaskContainverView.swift in Sources */ = {isa = PBXBuildFile; fileRef = 069336582471EA4100B3DC06 /* TaskContainverView.swift */; };
/* End PBXBuildFile section */

/* Begin PBXFileReference section */
		068240ED246D2CB70013CC6B /* Freelance.app */ = {isa = PBXFileReference; explicitFileType = wrapper.application; includeInIndex = 0; path = Freelance.app; sourceTree = BUILT_PRODUCTS_DIR; };
		068240F0246D2CB70013CC6B /* AppDelegate.swift */ = {isa = PBXFileReference; lastKnownFileType = sourcecode.swift; path = AppDelegate.swift; sourceTree = "<group>"; };
		068240F2246D2CB70013CC6B /* SceneDelegate.swift */ = {isa = PBXFileReference; lastKnownFileType = sourcecode.swift; path = SceneDelegate.swift; sourceTree = "<group>"; };
		068240F4246D2CB70013CC6B /* HomeViewController.swift */ = {isa = PBXFileReference; lastKnownFileType = sourcecode.swift; path = HomeViewController.swift; sourceTree = "<group>"; };
		068240F7246D2CB70013CC6B /* Base */ = {isa = PBXFileReference; lastKnownFileType = file.storyboard; name = Base; path = Base.lproj/Main.storyboard; sourceTree = "<group>"; };
		068240F9246D2CB90013CC6B /* Assets.xcassets */ = {isa = PBXFileReference; lastKnownFileType = folder.assetcatalog; path = Assets.xcassets; sourceTree = "<group>"; };
		068240FC246D2CB90013CC6B /* Base */ = {isa = PBXFileReference; lastKnownFileType = file.storyboard; name = Base; path = Base.lproj/LaunchScreen.storyboard; sourceTree = "<group>"; };
		068240FE246D2CB90013CC6B /* Info.plist */ = {isa = PBXFileReference; lastKnownFileType = text.plist.xml; path = Info.plist; sourceTree = "<group>"; };
		06824106246D2FE70013CC6B /* Extensions+UIColor.swift */ = {isa = PBXFileReference; lastKnownFileType = sourcecode.swift; path = "Extensions+UIColor.swift"; sourceTree = "<group>"; };
		06824108246D33CE0013CC6B /* Extension+UIImage.swift */ = {isa = PBXFileReference; lastKnownFileType = sourcecode.swift; path = "Extension+UIImage.swift"; sourceTree = "<group>"; };
		0682410C246D3D1A0013CC6B /* CircularProgressView.swift */ = {isa = PBXFileReference; lastKnownFileType = sourcecode.swift; path = CircularProgressView.swift; sourceTree = "<group>"; };
		0682410E246D40A20013CC6B /* Extensions+UIFont.swift */ = {isa = PBXFileReference; lastKnownFileType = sourcecode.swift; path = "Extensions+UIFont.swift"; sourceTree = "<group>"; };
		06824136246E803C0013CC6B /* HomeView.swift */ = {isa = PBXFileReference; lastKnownFileType = sourcecode.swift; path = HomeView.swift; sourceTree = "<group>"; };
		06824138246E812F0013CC6B /* Extension+UIView.swift */ = {isa = PBXFileReference; lastKnownFileType = sourcecode.swift; path = "Extension+UIView.swift"; sourceTree = "<group>"; };
		0682413A246E88270013CC6B /* HomeView+Constraints.swift */ = {isa = PBXFileReference; lastKnownFileType = sourcecode.swift; path = "HomeView+Constraints.swift"; sourceTree = "<group>"; };
		0682413C246FBEB60013CC6B /* NewTaskView.swift */ = {isa = PBXFileReference; lastKnownFileType = sourcecode.swift; path = NewTaskView.swift; sourceTree = "<group>"; };
		0682413E2470884B0013CC6B /* ProjectCell.swift */ = {isa = PBXFileReference; lastKnownFileType = sourcecode.swift; path = ProjectCell.swift; sourceTree = "<group>"; };
		069336562471E5EF00B3DC06 /* Extension+CALayer.swift */ = {isa = PBXFileReference; lastKnownFileType = sourcecode.swift; path = "Extension+CALayer.swift"; sourceTree = "<group>"; };
		069336582471EA4100B3DC06 /* TaskContainverView.swift */ = {isa = PBXFileReference; lastKnownFileType = sourcecode.swift; path = TaskContainverView.swift; sourceTree = "<group>"; };
/* End PBXFileReference section */

/* Begin PBXFrameworksBuildPhase section */
		068240EA246D2CB70013CC6B /* Frameworks */ = {
			isa = PBXFrameworksBuildPhase;
			buildActionMask = 2147483647;
			files = (
			);
			runOnlyForDeploymentPostprocessing = 0;
		};
/* End PBXFrameworksBuildPhase section */

/* Begin PBXGroup section */
		068240E4246D2CB70013CC6B = {
			isa = PBXGroup;
			children = (
				068240EF246D2CB70013CC6B /* Freelance */,
				068240EE246D2CB70013CC6B /* Products */,
			);
			sourceTree = "<group>";
		};
		068240EE246D2CB70013CC6B /* Products */ = {
			isa = PBXGroup;
			children = (
				068240ED246D2CB70013CC6B /* Freelance.app */,
			);
			name = Products;
			sourceTree = "<group>";
		};
		068240EF246D2CB70013CC6B /* Freelance */ = {
			isa = PBXGroup;
			children = (
				068240F0246D2CB70013CC6B /* AppDelegate.swift */,
				068240F2246D2CB70013CC6B /* SceneDelegate.swift */,
				0682410B246D3CFC0013CC6B /* Views */,
				06824105246D2FD60013CC6B /* Extensions */,
				06824104246D2D860013CC6B /* HomeViewController */,
				068240F6246D2CB70013CC6B /* Main.storyboard */,
				068240F9246D2CB90013CC6B /* Assets.xcassets */,
				068240FB246D2CB90013CC6B /* LaunchScreen.storyboard */,
				068240FE246D2CB90013CC6B /* Info.plist */,
			);
			path = Freelance;
			sourceTree = "<group>";
		};
		06824104246D2D860013CC6B /* HomeViewController */ = {
			isa = PBXGroup;
			children = (
				068240F4246D2CB70013CC6B /* HomeViewController.swift */,
				06824136246E803C0013CC6B /* HomeView.swift */,
				0682413A246E88270013CC6B /* HomeView+Constraints.swift */,
				0682413E2470884B0013CC6B /* ProjectCell.swift */,
			);
			path = HomeViewController;
			sourceTree = "<group>";
		};
		06824105246D2FD60013CC6B /* Extensions */ = {
			isa = PBXGroup;
			children = (
				06824108246D33CE0013CC6B /* Extension+UIImage.swift */,
				06824106246D2FE70013CC6B /* Extensions+UIColor.swift */,
				0682410E246D40A20013CC6B /* Extensions+UIFont.swift */,
				06824138246E812F0013CC6B /* Extension+UIView.swift */,
				069336562471E5EF00B3DC06 /* Extension+CALayer.swift */,
			);
			path = Extensions;
			sourceTree = "<group>";
		};
		0682410B246D3CFC0013CC6B /* Views */ = {
			isa = PBXGroup;
			children = (
				0682410C246D3D1A0013CC6B /* CircularProgressView.swift */,
				0682413C246FBEB60013CC6B /* NewTaskView.swift */,
				069336582471EA4100B3DC06 /* TaskContainverView.swift */,
			);
			path = Views;
			sourceTree = "<group>";
		};
/* End PBXGroup section */

/* Begin PBXNativeTarget section */
		068240EC246D2CB70013CC6B /* Freelance */ = {
			isa = PBXNativeTarget;
			buildConfigurationList = 06824101246D2CB90013CC6B /* Build configuration list for PBXNativeTarget "Freelance" */;
			buildPhases = (
				068240E9246D2CB70013CC6B /* Sources */,
				068240EA246D2CB70013CC6B /* Frameworks */,
				068240EB246D2CB70013CC6B /* Resources */,
			);
			buildRules = (
			);
			dependencies = (
			);
			name = Freelance;
			productName = Freelance;
			productReference = 068240ED246D2CB70013CC6B /* Freelance.app */;
			productType = "com.apple.product-type.application";
		};
/* End PBXNativeTarget section */

/* Begin PBXProject section */
		068240E5246D2CB70013CC6B /* Project object */ = {
			isa = PBXProject;
			attributes = {
				LastSwiftUpdateCheck = 1100;
				LastUpgradeCheck = 1100;
				ORGANIZATIONNAME = "Edvin Lellhame";
				TargetAttributes = {
					068240EC246D2CB70013CC6B = {
						CreatedOnToolsVersion = 11.0;
					};
				};
			};
			buildConfigurationList = 068240E8246D2CB70013CC6B /* Build configuration list for PBXProject "Freelance" */;
			compatibilityVersion = "Xcode 9.3";
			developmentRegion = en;
			hasScannedForEncodings = 0;
			knownRegions = (
				en,
				Base,
			);
			mainGroup = 068240E4246D2CB70013CC6B;
			productRefGroup = 068240EE246D2CB70013CC6B /* Products */;
			projectDirPath = "";
			projectRoot = "";
			targets = (
				068240EC246D2CB70013CC6B /* Freelance */,
			);
		};
/* End PBXProject section */

/* Begin PBXResourcesBuildPhase section */
		068240EB246D2CB70013CC6B /* Resources */ = {
			isa = PBXResourcesBuildPhase;
			buildActionMask = 2147483647;
			files = (
				068240FD246D2CB90013CC6B /* LaunchScreen.storyboard in Resources */,
				068240FA246D2CB90013CC6B /* Assets.xcassets in Resources */,
				068240F8246D2CB70013CC6B /* Main.storyboard in Resources */,
			);
			runOnlyForDeploymentPostprocessing = 0;
		};
/* End PBXResourcesBuildPhase section */

/* Begin PBXSourcesBuildPhase section */
		068240E9246D2CB70013CC6B /* Sources */ = {
			isa = PBXSourcesBuildPhase;
			buildActionMask = 2147483647;
			files = (
				06824109246D33CE0013CC6B /* Extension+UIImage.swift in Sources */,
				068240F5246D2CB70013CC6B /* HomeViewController.swift in Sources */,
				069336592471EA4100B3DC06 /* TaskContainverView.swift in Sources */,
				068240F1246D2CB70013CC6B /* AppDelegate.swift in Sources */,
				0682410F246D40A20013CC6B /* Extensions+UIFont.swift in Sources */,
				0682413D246FBEB60013CC6B /* NewTaskView.swift in Sources */,
				068240F3246D2CB70013CC6B /* SceneDelegate.swift in Sources */,
				06824137246E803C0013CC6B /* HomeView.swift in Sources */,
				0682413F2470884B0013CC6B /* ProjectCell.swift in Sources */,
				0682413B246E88270013CC6B /* HomeView+Constraints.swift in Sources */,
				0682410D246D3D1A0013CC6B /* CircularProgressView.swift in Sources */,
				06824107246D2FE70013CC6B /* Extensions+UIColor.swift in Sources */,
				069336572471E5EF00B3DC06 /* Extension+CALayer.swift in Sources */,
				06824139246E812F0013CC6B /* Extension+UIView.swift in Sources */,
			);
			runOnlyForDeploymentPostprocessing = 0;
		};
/* End PBXSourcesBuildPhase section */

/* Begin PBXVariantGroup section */
		068240F6246D2CB70013CC6B /* Main.storyboard */ = {
			isa = PBXVariantGroup;
			children = (
				068240F7246D2CB70013CC6B /* Base */,
			);
			name = Main.storyboard;
			sourceTree = "<group>";
		};
		068240FB246D2CB90013CC6B /* LaunchScreen.storyboard */ = {
			isa = PBXVariantGroup;
			children = (
				068240FC246D2CB90013CC6B /* Base */,
			);
			name = LaunchScreen.storyboard;
			sourceTree = "<group>";
		};
/* End PBXVariantGroup section */

/* Begin XCBuildConfiguration section */
		068240FF246D2CB90013CC6B /* Debug */ = {
			isa = XCBuildConfiguration;
			buildSettings = {
				ALWAYS_SEARCH_USER_PATHS = NO;
				CLANG_ANALYZER_NONNULL = YES;
				CLANG_ANALYZER_NUMBER_OBJECT_CONVERSION = YES_AGGRESSIVE;
				CLANG_CXX_LANGUAGE_STANDARD = "gnu++14";
				CLANG_CXX_LIBRARY = "libc++";
				CLANG_ENABLE_MODULES = YES;
				CLANG_ENABLE_OBJC_ARC = YES;
				CLANG_ENABLE_OBJC_WEAK = YES;
				CLANG_WARN_BLOCK_CAPTURE_AUTORELEASING = YES;
				CLANG_WARN_BOOL_CONVERSION = YES;
				CLANG_WARN_COMMA = YES;
				CLANG_WARN_CONSTANT_CONVERSION = YES;
				CLANG_WARN_DEPRECATED_OBJC_IMPLEMENTATIONS = YES;
				CLANG_WARN_DIRECT_OBJC_ISA_USAGE = YES_ERROR;
				CLANG_WARN_DOCUMENTATION_COMMENTS = YES;
				CLANG_WARN_EMPTY_BODY = YES;
				CLANG_WARN_ENUM_CONVERSION = YES;
				CLANG_WARN_INFINITE_RECURSION = YES;
				CLANG_WARN_INT_CONVERSION = YES;
				CLANG_WARN_NON_LITERAL_NULL_CONVERSION = YES;
				CLANG_WARN_OBJC_IMPLICIT_RETAIN_SELF = YES;
				CLANG_WARN_OBJC_LITERAL_CONVERSION = YES;
				CLANG_WARN_OBJC_ROOT_CLASS = YES_ERROR;
				CLANG_WARN_RANGE_LOOP_ANALYSIS = YES;
				CLANG_WARN_STRICT_PROTOTYPES = YES;
				CLANG_WARN_SUSPICIOUS_MOVE = YES;
				CLANG_WARN_UNGUARDED_AVAILABILITY = YES_AGGRESSIVE;
				CLANG_WARN_UNREACHABLE_CODE = YES;
				CLANG_WARN__DUPLICATE_METHOD_MATCH = YES;
				COPY_PHASE_STRIP = NO;
				DEBUG_INFORMATION_FORMAT = dwarf;
				ENABLE_STRICT_OBJC_MSGSEND = YES;
				ENABLE_TESTABILITY = YES;
				GCC_C_LANGUAGE_STANDARD = gnu11;
				GCC_DYNAMIC_NO_PIC = NO;
				GCC_NO_COMMON_BLOCKS = YES;
				GCC_OPTIMIZATION_LEVEL = 0;
				GCC_PREPROCESSOR_DEFINITIONS = (
					"DEBUG=1",
					"$(inherited)",
				);
				GCC_WARN_64_TO_32_BIT_CONVERSION = YES;
				GCC_WARN_ABOUT_RETURN_TYPE = YES_ERROR;
				GCC_WARN_UNDECLARED_SELECTOR = YES;
				GCC_WARN_UNINITIALIZED_AUTOS = YES_AGGRESSIVE;
				GCC_WARN_UNUSED_FUNCTION = YES;
				GCC_WARN_UNUSED_VARIABLE = YES;
				IPHONEOS_DEPLOYMENT_TARGET = 13.0;
				MTL_ENABLE_DEBUG_INFO = INCLUDE_SOURCE;
				MTL_FAST_MATH = YES;
				ONLY_ACTIVE_ARCH = YES;
				SDKROOT = iphoneos;
				SWIFT_ACTIVE_COMPILATION_CONDITIONS = DEBUG;
				SWIFT_OPTIMIZATION_LEVEL = "-Onone";
			};
			name = Debug;
		};
		06824100246D2CB90013CC6B /* Release */ = {
			isa = XCBuildConfiguration;
			buildSettings = {
				ALWAYS_SEARCH_USER_PATHS = NO;
				CLANG_ANALYZER_NONNULL = YES;
				CLANG_ANALYZER_NUMBER_OBJECT_CONVERSION = YES_AGGRESSIVE;
				CLANG_CXX_LANGUAGE_STANDARD = "gnu++14";
				CLANG_CXX_LIBRARY = "libc++";
				CLANG_ENABLE_MODULES = YES;
				CLANG_ENABLE_OBJC_ARC = YES;
				CLANG_ENABLE_OBJC_WEAK = YES;
				CLANG_WARN_BLOCK_CAPTURE_AUTORELEASING = YES;
				CLANG_WARN_BOOL_CONVERSION = YES;
				CLANG_WARN_COMMA = YES;
				CLANG_WARN_CONSTANT_CONVERSION = YES;
				CLANG_WARN_DEPRECATED_OBJC_IMPLEMENTATIONS = YES;
				CLANG_WARN_DIRECT_OBJC_ISA_USAGE = YES_ERROR;
				CLANG_WARN_DOCUMENTATION_COMMENTS = YES;
				CLANG_WARN_EMPTY_BODY = YES;
				CLANG_WARN_ENUM_CONVERSION = YES;
				CLANG_WARN_INFINITE_RECURSION = YES;
				CLANG_WARN_INT_CONVERSION = YES;
				CLANG_WARN_NON_LITERAL_NULL_CONVERSION = YES;
				CLANG_WARN_OBJC_IMPLICIT_RETAIN_SELF = YES;
				CLANG_WARN_OBJC_LITERAL_CONVERSION = YES;
				CLANG_WARN_OBJC_ROOT_CLASS = YES_ERROR;
				CLANG_WARN_RANGE_LOOP_ANALYSIS = YES;
				CLANG_WARN_STRICT_PROTOTYPES = YES;
				CLANG_WARN_SUSPICIOUS_MOVE = YES;
				CLANG_WARN_UNGUARDED_AVAILABILITY = YES_AGGRESSIVE;
				CLANG_WARN_UNREACHABLE_CODE = YES;
				CLANG_WARN__DUPLICATE_METHOD_MATCH = YES;
				COPY_PHASE_STRIP = NO;
				DEBUG_INFORMATION_FORMAT = "dwarf-with-dsym";
				ENABLE_NS_ASSERTIONS = NO;
				ENABLE_STRICT_OBJC_MSGSEND = YES;
				GCC_C_LANGUAGE_STANDARD = gnu11;
				GCC_NO_COMMON_BLOCKS = YES;
				GCC_WARN_64_TO_32_BIT_CONVERSION = YES;
				GCC_WARN_ABOUT_RETURN_TYPE = YES_ERROR;
				GCC_WARN_UNDECLARED_SELECTOR = YES;
				GCC_WARN_UNINITIALIZED_AUTOS = YES_AGGRESSIVE;
				GCC_WARN_UNUSED_FUNCTION = YES;
				GCC_WARN_UNUSED_VARIABLE = YES;
				IPHONEOS_DEPLOYMENT_TARGET = 13.0;
				MTL_ENABLE_DEBUG_INFO = NO;
				MTL_FAST_MATH = YES;
				SDKROOT = iphoneos;
				SWIFT_COMPILATION_MODE = wholemodule;
				SWIFT_OPTIMIZATION_LEVEL = "-O";
				VALIDATE_PRODUCT = YES;
			};
			name = Release;
		};
		06824102246D2CB90013CC6B /* Debug */ = {
			isa = XCBuildConfiguration;
			buildSettings = {
				ASSETCATALOG_COMPILER_APPICON_NAME = AppIcon;
				CODE_SIGN_STYLE = Automatic;
				DEVELOPMENT_TEAM = Z928ALPHEA;
				INFOPLIST_FILE = Freelance/Info.plist;
				LD_RUNPATH_SEARCH_PATHS = (
					"$(inherited)",
					"@executable_path/Frameworks",
				);
				PRODUCT_BUNDLE_IDENTIFIER = com.edvinlellhame.Freelance;
				PRODUCT_NAME = "$(TARGET_NAME)";
				SWIFT_VERSION = 5.0;
				TARGETED_DEVICE_FAMILY = "1,2";
			};
			name = Debug;
		};
		06824103246D2CB90013CC6B /* Release */ = {
			isa = XCBuildConfiguration;
			buildSettings = {
				ASSETCATALOG_COMPILER_APPICON_NAME = AppIcon;
				CODE_SIGN_STYLE = Automatic;
				DEVELOPMENT_TEAM = Z928ALPHEA;
				INFOPLIST_FILE = Freelance/Info.plist;
				LD_RUNPATH_SEARCH_PATHS = (
					"$(inherited)",
					"@executable_path/Frameworks",
				);
				PRODUCT_BUNDLE_IDENTIFIER = com.edvinlellhame.Freelance;
				PRODUCT_NAME = "$(TARGET_NAME)";
				SWIFT_VERSION = 5.0;
				TARGETED_DEVICE_FAMILY = "1,2";
			};
			name = Release;
		};
/* End XCBuildConfiguration section */

/* Begin XCConfigurationList section */
		068240E8246D2CB70013CC6B /* Build configuration list for PBXProject "Freelance" */ = {
			isa = XCConfigurationList;
			buildConfigurations = (
				068240FF246D2CB90013CC6B /* Debug */,
				06824100246D2CB90013CC6B /* Release */,
			);
			defaultConfigurationIsVisible = 0;
			defaultConfigurationName = Release;
		};
		06824101246D2CB90013CC6B /* Build configuration list for PBXNativeTarget "Freelance" */ = {
			isa = XCConfigurationList;
			buildConfigurations = (
				06824102246D2CB90013CC6B /* Debug */,
				06824103246D2CB90013CC6B /* Release */,
			);
			defaultConfigurationIsVisible = 0;
			defaultConfigurationName = Release;
		};
/* End XCConfigurationList section */
	};
	rootObject = 068240E5246D2CB70013CC6B /* Project object */;
}
